
Microsoft Visual Studio Solution File, Format Version 12.00
# Visual Studio 15
VisualStudioVersion = 15.0.28307.852
MinimumVisualStudioVersion = 10.0.40219.1
Project("{FAE04EC0-301F-11D3-BF4B-00C04F79EFBC}") = "FTTEST", "FTTEST\FTTEST.csproj", "{0EB04EE4-BC08-4ED5-8A90-1E063288FC42}"
EndProject
Global
	GlobalSection(SolutionConfigurationPlatforms) = preSolution
		Debug|Any CPU = Debug|Any CPU
		Release|Any CPU = Release|Any CPU
	EndGlobalSection
	GlobalSection(ProjectConfigurationPlatforms) = postSolution
		{0EB04EE4-BC08-4ED5-8A90-1E063288FC42}.Debug|Any CPU.ActiveCfg = Debug|Any CPU
		{0EB04EE4-BC08-4ED5-8A90-1E063288FC42}.Debug|Any CPU.Build.0 = Debug|Any CPU
		{0EB04EE4-BC08-4ED5-8A90-1E063288FC42}.Release|Any CPU.ActiveCfg = Release|Any CPU
		{0EB04EE4-BC08-4ED5-8A90-1E063288FC42}.Release|Any CPU.Build.0 = Release|Any CPU
	EndGlobalSection
	GlobalSection(SolutionProperties) = preSolution
		HideSolutionNode = FALSE
	EndGlobalSection
	GlobalSection(ExtensibilityGlobals) = postSolution
		SolutionGuid = {5EF727B0-7B4A-4957-8BA3-0A187374032C}
	EndGlobalSection
	GlobalSection(TeamFoundationVersionControl) = preSolution
		SccNumberOfProjects = 2
		SccEnterpriseProvider = {4CA58AB2-18FA-4F8D-95D4-32DDF27D184C}
		SccTeamFoundationServer = http://teserver:8080/tfs/rkmes
		SccLocalPath0 = .
		SccProjectUniqueName1 = FTTEST\\FTTEST.csproj
		SccProjectName1 = FTTEST
		SccLocalPath1 = FTTEST
	EndGlobalSection
EndGlobal
